
Microsoft Visual Studio Solution File, Format Version 12.00
Project("{FAE04EC0-301F-11D3-BF4B-00C04F79EFBC}") = "PhotoFilter", "PhotoFilter.csproj", "{FC4999BD-812E-4C4C-AF54-EC018DE4A5FB}"
EndProject
Project("{FAE04EC0-301F-11D3-BF4B-00C04F79EFBC}") = "PhotoFilterGUI", "PhotoFilterGUI\PhotoFilterGUI.csproj", "{0F7D3282-BE29-425E-AD82-B184853A16E0}"
EndProject
Global
	GlobalSection(SolutionConfigurationPlatforms) = preSolution
		Debug|Any CPU = Debug|Any CPU
		Release|Any CPU = Release|Any CPU
	EndGlobalSection
	GlobalSection(ProjectConfigurationPlatforms) = postSolution
		{FC4999BD-812E-4C4C-AF54-EC018DE4A5FB}.Debug|Any CPU.ActiveCfg = Debug|Any CPU
		{FC4999BD-812E-4C4C-AF54-EC018DE4A5FB}.Debug|Any CPU.Build.0 = Debug|Any CPU
		{FC4999BD-812E-4C4C-AF54-EC018DE4A5FB}.Release|Any CPU.ActiveCfg = Release|Any CPU
		{FC4999BD-812E-4C4C-AF54-EC018DE4A5FB}.Release|Any CPU.Build.0 = Release|Any CPU
		{0F7D3282-BE29-425E-AD82-B184853A16E0}.Debug|Any CPU.ActiveCfg = Debug|Any CPU
		{0F7D3282-BE29-425E-AD82-B184853A16E0}.Debug|Any CPU.Build.0 = Debug|Any CPU
		{0F7D3282-BE29-425E-AD82-B184853A16E0}.Release|Any CPU.ActiveCfg = Release|Any CPU
		{0F7D3282-BE29-425E-AD82-B184853A16E0}.Release|Any CPU.Build.0 = Release|Any CPU
	EndGlobalSection
EndGlobal
